
Microsoft Visual Studio Solution File, Format Version 12.00
# Visual Studio Version 17
VisualStudioVersion = 17.14.36401.2 d17.14
MinimumVisualStudioVersion = 10.0.40219.1
Project("{FAE04EC0-301F-11D3-BF4B-00C04F79EFBC}") = "EX01", "EX01.csproj", "{C2267340-96A5-4DD1-A556-2429595834F5}"
EndProject
Project("{FAE04EC0-301F-11D3-BF4B-00C04F79EFBC}") = "EX02", "..\EX02\EX02.csproj", "{59E4A778-5138-465E-86BA-47F820B4274B}"
EndProject
Global
	GlobalSection(SolutionConfigurationPlatforms) = preSolution
		Debug|Any CPU = Debug|Any CPU
		Release|Any CPU = Release|Any CPU
	EndGlobalSection
	GlobalSection(ProjectConfigurationPlatforms) = postSolution
		{C2267340-96A5-4DD1-A556-2429595834F5}.Debug|Any CPU.ActiveCfg = Debug|Any CPU
		{C2267340-96A5-4DD1-A556-2429595834F5}.Debug|Any CPU.Build.0 = Debug|Any CPU
		{C2267340-96A5-4DD1-A556-2429595834F5}.Release|Any CPU.ActiveCfg = Release|Any CPU
		{C2267340-96A5-4DD1-A556-2429595834F5}.Release|Any CPU.Build.0 = Release|Any CPU
		{59E4A778-5138-465E-86BA-47F820B4274B}.Debug|Any CPU.ActiveCfg = Debug|Any CPU
		{59E4A778-5138-465E-86BA-47F820B4274B}.Debug|Any CPU.Build.0 = Debug|Any CPU
		{59E4A778-5138-465E-86BA-47F820B4274B}.Release|Any CPU.ActiveCfg = Release|Any CPU
		{59E4A778-5138-465E-86BA-47F820B4274B}.Release|Any CPU.Build.0 = Release|Any CPU
	EndGlobalSection
	GlobalSection(SolutionProperties) = preSolution
		HideSolutionNode = FALSE
	EndGlobalSection
	GlobalSection(ExtensibilityGlobals) = postSolution
		SolutionGuid = {D4F635DA-D1A0-4FC8-A37E-4114068B327B}
	EndGlobalSection
EndGlobal
